{
  "name": "myapp",
  "version": "0.1.0",
  "lockfileVersion": 3,
  "requires": true,
  "packages": {
    "": {
      "name": "myapp",
      "version": "0.1.0",
      "devDependencies": {
        "@adukiorg/anza": "latest"
      }
    },
    "node_modules/@adukiorg/anza": {
      "version": "0.3.7",
      "resolved": "https://registry.npmjs.org/@adukiorg/anza/-/anza-0.3.7.tgz",
      "integrity": "sha512-dAGdfn4xBHAnMOIoFCZuyv9xwpvpJ3qpXvDPyQHVtH13gUuWRB56uQla/GOmQp0i2oC+9NzGaH/reqnm4FPLAg==",
      "dev": true,
      "license": "MIT",
      "bin": {
        "anza": "bin/anza/index.js",
        "anza-create": "bin/create/index.js"
      }
    }
  }
}
